PODS:
  - AFNetworking (3.1.0):
    - AFNetworking/NSURLSession (= 3.1.0)
    - AFNetworking/Reachability (= 3.1.0)
    - AFNetworking/Security (= 3.1.0)
    - AFNetworking/Serialization (= 3.1.0)
    - AFNetworking/UIKit (= 3.1.0)
  - AFNetworking/NSURLSession (3.1.0):
    - AFNetworking/Reachability
    - AFNetworking/Security
    - AFNetworking/Serialization
  - AFNetworking/Reachability (3.1.0)
  - AFNetworking/Security (3.1.0)
  - AFNetworking/Serialization (3.1.0)
  - AFNetworking/UIKit (3.1.0):
    - AFNetworking/NSURLSession
  - Aspects (1.4.1)
  - CocoaLumberjack (2.3.0):
    - CocoaLumberjack/Default (= 2.3.0)
    - CocoaLumberjack/Extensions (= 2.3.0)
  - CocoaLumberjack/Core (2.3.0)
  - CocoaLumberjack/Default (2.3.0):
    - CocoaLumberjack/Core
  - CocoaLumberjack/Extensions (2.3.0):
    - CocoaLumberjack/Default
  - DZNEmptyDataSet (1.8.1)
  - HexColors (4.0.0)
  - Mantle (2.0.7):
    - Mantle/extobjc (= 2.0.7)
  - Mantle/extobjc (2.0.7)
  - MOBFoundation (2.0.11)
  - NSLogger (1.7.0):
    - NSLogger/Standard (= 1.7.0)
  - NSLogger/Standard (1.7.0)
  - OHHTTPStubs (5.2.1):
    - OHHTTPStubs/Default (= 5.2.1)
  - OHHTTPStubs/Core (5.2.1)
  - OHHTTPStubs/Default (5.2.1):
    - OHHTTPStubs/Core
    - OHHTTPStubs/JSON
    - OHHTTPStubs/NSURLSession
    - OHHTTPStubs/OHPathHelpers
  - OHHTTPStubs/JSON (5.2.1):
    - OHHTTPStubs/Core
  - OHHTTPStubs/NSURLSession (5.2.1):
    - OHHTTPStubs/Core
  - OHHTTPStubs/OHPathHelpers (5.2.1)
  - Overcoat (4.0.0-beta.2):
    - AFNetworking/NSURLSession (~> 3.0)
    - AFNetworking/Serialization (~> 3.0)
    - Mantle (~> 2.0)
  - Overcoat+ReactiveCocoa (4.0.0-beta.2):
    - Overcoat (~> 4.0.0-beta.2)
    - ReactiveCocoa (~> 2.4)
  - pop (1.0.9)
  - ReactiveCocoa (2.5):
    - ReactiveCocoa/UI (= 2.5)
  - ReactiveCocoa/Core (2.5):
    - ReactiveCocoa/no-arc
  - ReactiveCocoa/no-arc (2.5)
  - ReactiveCocoa/UI (2.5):
    - ReactiveCocoa/Core
  - REFormattedNumberField (1.1.6)
  - RETableViewManager (1.7):
    - REFormattedNumberField (~> 1.1.5)
    - REValidation (~> 0.1.4)
  - REValidation (0.1.4)
  - SDWebImage (3.8.2):
    - SDWebImage/Core (= 3.8.2)
  - SDWebImage/Core (3.8.2)
  - ShareSDK3 (3.4.2):
    - ShareSDK3/ShareSDK (= 3.4.2)
  - ShareSDK3/ShareSDK (3.4.2)
  - ShareSDK3/ShareSDKPlatforms/QQ (3.4.2)
  - ShareSDK3/ShareSDKPlatforms/SinaWeibo (3.4.2)
  - ShareSDK3/ShareSDKPlatforms/WeChat (3.4.2)
  - Wonderful (1.2.0)
  - XCDLumberjackNSLogger (1.1.0):
    - CocoaLumberjack (~> 2.0)
    - NSLogger (~> 1.7)

DEPENDENCIES:
  - AFNetworking
  - Aspects
  - CocoaLumberjack (= 2.3.0)
  - DZNEmptyDataSet
  - HexColors
  - MOBFoundation
  - OHHTTPStubs
  - Overcoat
  - Overcoat+ReactiveCocoa (~> 4.0.0-beta.2)
  - pop
  - ReactiveCocoa (= 2.5.0)
  - RETableViewManager
  - SDWebImage
  - ShareSDK3
  - ShareSDK3/ShareSDKPlatforms/QQ
  - ShareSDK3/ShareSDKPlatforms/SinaWeibo
  - ShareSDK3/ShareSDKPlatforms/WeChat
  - Wonderful
  - XCDLumberjackNSLogger (~> 1.1)

SPEC CHECKSUMS:
  AFNetworking: 5e0e199f73d8626b11e79750991f5d173d1f8b67
  Aspects: 7595ba96a6727a58ebcbfc954497fc5d2fdde546
  CocoaLumberjack: 97fab7ee5f507fe54445cca7ea80f926729cfd15
  DZNEmptyDataSet: 9525833b9e68ac21c30253e1d3d7076cc828eaa7
  HexColors: 5f95843ef89aff6a72e1fd3a8ebabf205cc43379
  Mantle: bc40bb061d8c2c6fb48d5083e04d928c3b7f73d9
  MOBFoundation: e213065e65eebd8146ab29d10a8445dc8f385091
  NSLogger: daa17368272ddf10a0850c218fe49de23b50f2eb
  OHHTTPStubs: 3a42f25c00563b71355ac73112ba2324e9e6cef4
  Overcoat: 2ddaa6d66edebc375f3e24a37974631d5aff7ebe
  Overcoat+ReactiveCocoa: d49ce788620100453345a603aa3f8c7058b18cea
  pop: f667631a5108a2e60d9e8797c9b32ddaf2080bce
  ReactiveCocoa: e2db045570aa97c695e7aa97c2bcab222ae51f4a
  REFormattedNumberField: 70fc5fb1218ebd5ee9983820defd12806d5c6ec6
  RETableViewManager: 0f24d796c42c0890d38c79cc9aeb3871e186726e
  REValidation: 38c4de1be58455f8b00aab208ac80db316a66b7f
  SDWebImage: 098e97e6176540799c27e804c96653ee0833d13c
  ShareSDK3: 2fa975dd22937fc7de3f6b5d0c41a18ba0dd1661
  Wonderful: 8f8737eb8d2c32264110e91659095cb5c8bff223
  XCDLumberjackNSLogger: b39a8d2fee8094b3d8bf9031cb97e2200971addb

PODFILE CHECKSUM: 9bd447b033e6870860765690a86ecab80f847bba

COCOAPODS: 1.0.1
