// !$*UTF8*$!
{
	archiveVersion = 1;
	classes = {
	};
	objectVersion = 46;
	objects = {

/* Begin PBXBuildFile section */
		1FA88D18AE89778CF08BDF0C /* libPods-Example.a in Frameworks */ = {isa = PBXBuildFile; fileRef = 33FDFAF24466F89E6495740C /* libPods-Example.a */; };
		BF2C22ED1D97B12F0050CACC /* main.m in Sources */ = {isa = PBXBuildFile; fileRef = BF2C22EC1D97B12F0050CACC /* main.m */; };
		BF2C22F01D97B12F0050CACC /* AppDelegate.m in Sources */ = {isa = PBXBuildFile; fileRef = BF2C22EF1D97B12F0050CACC /* AppDelegate.m */; };
		BF2C22F81D97B12F0050CACC /* Assets.xcassets in Resources */ = {isa = PBXBuildFile; fileRef = BF2C22F71D97B12F0050CACC /* Assets.xcassets */; };
		BF2C22FB1D97B12F0050CACC /* LaunchScreen.storyboard in Resources */ = {isa = PBXBuildFile; fileRef = BF2C22F91D97B12F0050CACC /* LaunchScreen.storyboard */; };
		BF62F0FB1D97B343004D3C73 /* YJSplashView.m in Sources */ = {isa = PBXBuildFile; fileRef = BF62F0F51D97B343004D3C73 /* YJSplashView.m */; };
		BF62F1031D97B3CE004D3C73 /* YJTools.m in Sources */ = {isa = PBXBuildFile; fileRef = BF62F0FD1D97B3CE004D3C73 /* YJTools.m */; };
		BF62F1041D97B3CE004D3C73 /* YJAppDelegate.m in Sources */ = {isa = PBXBuildFile; fileRef = BF62F0FE1D97B3CE004D3C73 /* YJAppDelegate.m */; };
		BF62F1051D97B3CE004D3C73 /* YJLogger.m in Sources */ = {isa = PBXBuildFile; fileRef = BF62F0FF1D97B3CE004D3C73 /* YJLogger.m */; };
		BF8C50961D98C43700052FDD /* UIColor+YJStarterKit.m in Sources */ = {isa = PBXBuildFile; fileRef = BF8C50951D98C43700052FDD /* UIColor+YJStarterKit.m */; };
		BF8C50991D98C9FB00052FDD /* UIView+YJStarterKit.m in Sources */ = {isa = PBXBuildFile; fileRef = BF8C50981D98C9FB00052FDD /* UIView+YJStarterKit.m */; };
		BF8C509C1D98CE4300052FDD /* NSArray+YJStarterKit.m in Sources */ = {isa = PBXBuildFile; fileRef = BF8C509B1D98CE4300052FDD /* NSArray+YJStarterKit.m */; };
		BF8C509F1D98D04C00052FDD /* NSDate+YJStarterKit.m in Sources */ = {isa = PBXBuildFile; fileRef = BF8C509E1D98D04C00052FDD /* NSDate+YJStarterKit.m */; };
		BF8C50A21D990BE000052FDD /* YJTableViewController.m in Sources */ = {isa = PBXBuildFile; fileRef = BF8C50A11D990BE000052FDD /* YJTableViewController.m */; };
		BF8C50B81D9A4D6C00052FDD /* YJTestCaseListViewController.m in Sources */ = {isa = PBXBuildFile; fileRef = BF8C50B51D9A4D6C00052FDD /* YJTestCaseListViewController.m */; };
		BF8C50B91D9A4D6C00052FDD /* YJTestCaseViewController.m in Sources */ = {isa = PBXBuildFile; fileRef = BF8C50B71D9A4D6C00052FDD /* YJTestCaseViewController.m */; };
		BF8C50BC1D9A513D00052FDD /* YJTestCaseMainListViewController.m in Sources */ = {isa = PBXBuildFile; fileRef = BF8C50BB1D9A513D00052FDD /* YJTestCaseMainListViewController.m */; };
		BF8C50BE1D9A552900052FDD /* no-data-page-icon@2x.png in Resources */ = {isa = PBXBuildFile; fileRef = BF8C50BD1D9A552900052FDD /* no-data-page-icon@2x.png */; };
		BF8C50C11D9A7BC900052FDD /* YJCircleView.m in Sources */ = {isa = PBXBuildFile; fileRef = BF8C50C01D9A7BC900052FDD /* YJCircleView.m */; };
		BF8C50C41D9A892100052FDD /* YJTestProgressViewController.m in Sources */ = {isa = PBXBuildFile; fileRef = BF8C50C31D9A892100052FDD /* YJTestProgressViewController.m */; };
		BFB03E921D9B27D000F18233 /* YJTestSplahViewController.m in Sources */ = {isa = PBXBuildFile; fileRef = BFB03E911D9B27D000F18233 /* YJTestSplahViewController.m */; };
		BFF3E2311D9B80F300788F51 /* YJButton.m in Sources */ = {isa = PBXBuildFile; fileRef = BFF3E2301D9B80F300788F51 /* YJButton.m */; };
		BFF3E2341D9B825E00788F51 /* YJTestButtonViewController.m in Sources */ = {isa = PBXBuildFile; fileRef = BFF3E2331D9B825E00788F51 /* YJTestButtonViewController.m */; };
		BFF3E2371D9B853400788F51 /* YJWebViewController.m in Sources */ = {isa = PBXBuildFile; fileRef = BFF3E2361D9B853400788F51 /* YJWebViewController.m */; };
		BFF3E23D1D9B8F6C00788F51 /* YJXibView.m in Sources */ = {isa = PBXBuildFile; fileRef = BFF3E23C1D9B8F6C00788F51 /* YJXibView.m */; };
		BFF3E2401D9B936600788F51 /* YJUserView.m in Sources */ = {isa = PBXBuildFile; fileRef = BFF3E23F1D9B936600788F51 /* YJUserView.m */; };
		BFF3E2431D9B997500788F51 /* YJTestUserViewViewController.m in Sources */ = {isa = PBXBuildFile; fileRef = BFF3E2421D9B997500788F51 /* YJTestUserViewViewController.m */; };
		BFF3E2451D9B9D4500788F51 /* user-view-default.png in Resources */ = {isa = PBXBuildFile; fileRef = BFF3E2441D9B9D4500788F51 /* user-view-default.png */; };
		BFF3E2491D9BA73E00788F51 /* YJViewMoveAnimation.m in Sources */ = {isa = PBXBuildFile; fileRef = BFF3E2481D9BA73E00788F51 /* YJViewMoveAnimation.m */; };
		BFF3E24C1D9BA96200788F51 /* YJTestViewMoveViewController.m in Sources */ = {isa = PBXBuildFile; fileRef = BFF3E24B1D9BA96200788F51 /* YJTestViewMoveViewController.m */; };
		BFF3E24F1D9BDBBE00788F51 /* TestYJEffectViewController.m in Sources */ = {isa = PBXBuildFile; fileRef = BFF3E24E1D9BDBBE00788F51 /* TestYJEffectViewController.m */; };
		BFFA7B111D9AD4B6002A77C7 /* UITextView+YJStarterKit.m in Sources */ = {isa = PBXBuildFile; fileRef = BFFA7B101D9AD4B6002A77C7 /* UITextView+YJStarterKit.m */; };
/* End PBXBuildFile section */

/* Begin PBXFileReference section */
		33FDFAF24466F89E6495740C /* libPods-Example.a */ = {isa = PBXFileReference; explicitFileType = archive.ar; includeInIndex = 0; path = "libPods-Example.a"; sourceTree = BUILT_PRODUCTS_DIR; };
		6E6B4F0B81B1AE5BD46CDBD9 /* Pods-Example.debug.xcconfig */ = {isa = PBXFileReference; includeInIndex = 1; lastKnownFileType = text.xcconfig; name = "Pods-Example.debug.xcconfig"; path = "../Pods/Target Support Files/Pods-Example/Pods-Example.debug.xcconfig"; sourceTree = "<group>"; };
		A0B28026FC59E7236005AAAC /* Pods-Example.release.xcconfig */ = {isa = PBXFileReference; includeInIndex = 1; lastKnownFileType = text.xcconfig; name = "Pods-Example.release.xcconfig"; path = "../Pods/Target Support Files/Pods-Example/Pods-Example.release.xcconfig"; sourceTree = "<group>"; };
		BF2C22E81D97B12F0050CACC /* Example.app */ = {isa = PBXFileReference; explicitFileType = wrapper.application; includeInIndex = 0; path = Example.app; sourceTree = BUILT_PRODUCTS_DIR; };
		BF2C22EC1D97B12F0050CACC /* main.m */ = {isa = PBXFileReference; lastKnownFileType = sourcecode.c.objc; path = main.m; sourceTree = "<group>"; };
		BF2C22EE1D97B12F0050CACC /* AppDelegate.h */ = {isa = PBXFileReference; lastKnownFileType = sourcecode.c.h; path = AppDelegate.h; sourceTree = "<group>"; };
		BF2C22EF1D97B12F0050CACC /* AppDelegate.m */ = {isa = PBXFileReference; lastKnownFileType = sourcecode.c.objc; path = AppDelegate.m; sourceTree = "<group>"; };
		BF2C22F71D97B12F0050CACC /* Assets.xcassets */ = {isa = PBXFileReference; lastKnownFileType = folder.assetcatalog; path = Assets.xcassets; sourceTree = "<group>"; };
		BF2C22FA1D97B12F0050CACC /* Base */ = {isa = PBXFileReference; lastKnownFileType = file.storyboard; name = Base; path = Base.lproj/LaunchScreen.storyboard; sourceTree = "<group>"; };
		BF2C22FC1D97B12F0050CACC /* Info.plist */ = {isa = PBXFileReference; lastKnownFileType = text.plist.xml; path = Info.plist; sourceTree = "<group>"; };
		BF62F0F41D97B343004D3C73 /* YJSplashView.h */ = {isa = PBXFileReference; fileEncoding = 4; lastKnownFileType = sourcecode.c.h; path = YJSplashView.h; sourceTree = "<group>"; };
		BF62F0F51D97B343004D3C73 /* YJSplashView.m */ = {isa = PBXFileReference; fileEncoding = 4; lastKnownFileType = sourcecode.c.objc; path = YJSplashView.m; sourceTree = "<group>"; };
		BF62F0FD1D97B3CE004D3C73 /* YJTools.m */ = {isa = PBXFileReference; fileEncoding = 4; lastKnownFileType = sourcecode.c.objc; path = YJTools.m; sourceTree = "<group>"; };
		BF62F0FE1D97B3CE004D3C73 /* YJAppDelegate.m */ = {isa = PBXFileReference; fileEncoding = 4; lastKnownFileType = sourcecode.c.objc; path = YJAppDelegate.m; sourceTree = "<group>"; };
		BF62F0FF1D97B3CE004D3C73 /* YJLogger.m */ = {isa = PBXFileReference; fileEncoding = 4; lastKnownFileType = sourcecode.c.objc; path = YJLogger.m; sourceTree = "<group>"; };
		BF62F1001D97B3CE004D3C73 /* YJTools.h */ = {isa = PBXFileReference; fileEncoding = 4; lastKnownFileType = sourcecode.c.h; path = YJTools.h; sourceTree = "<group>"; };
		BF62F1011D97B3CE004D3C73 /* YJLogger.h */ = {isa = PBXFileReference; fileEncoding = 4; lastKnownFileType = sourcecode.c.h; path = YJLogger.h; sourceTree = "<group>"; };
		BF62F1021D97B3CE004D3C73 /* YJAppDelegate.h */ = {isa = PBXFileReference; fileEncoding = 4; lastKnownFileType = sourcecode.c.h; path = YJAppDelegate.h; sourceTree = "<group>"; };
		BF8C50941D98C43700052FDD /* UIColor+YJStarterKit.h */ = {isa = PBXFileReference; fileEncoding = 4; lastKnownFileType = sourcecode.c.h; path = "UIColor+YJStarterKit.h"; sourceTree = "<group>"; };
		BF8C50951D98C43700052FDD /* UIColor+YJStarterKit.m */ = {isa = PBXFileReference; fileEncoding = 4; lastKnownFileType = sourcecode.c.objc; path = "UIColor+YJStarterKit.m"; sourceTree = "<group>"; };
		BF8C50971D98C9FB00052FDD /* UIView+YJStarterKit.h */ = {isa = PBXFileReference; fileEncoding = 4; lastKnownFileType = sourcecode.c.h; path = "UIView+YJStarterKit.h"; sourceTree = "<group>"; };
		BF8C50981D98C9FB00052FDD /* UIView+YJStarterKit.m */ = {isa = PBXFileReference; fileEncoding = 4; lastKnownFileType = sourcecode.c.objc; path = "UIView+YJStarterKit.m"; sourceTree = "<group>"; };
		BF8C509A1D98CE4300052FDD /* NSArray+YJStarterKit.h */ = {isa = PBXFileReference; fileEncoding = 4; lastKnownFileType = sourcecode.c.h; path = "NSArray+YJStarterKit.h"; sourceTree = "<group>"; };
		BF8C509B1D98CE4300052FDD /* NSArray+YJStarterKit.m */ = {isa = PBXFileReference; fileEncoding = 4; lastKnownFileType = sourcecode.c.objc; path = "NSArray+YJStarterKit.m"; sourceTree = "<group>"; };
		BF8C509D1D98D04C00052FDD /* NSDate+YJStarterKit.h */ = {isa = PBXFileReference; fileEncoding = 4; lastKnownFileType = sourcecode.c.h; path = "NSDate+YJStarterKit.h"; sourceTree = "<group>"; };
		BF8C509E1D98D04C00052FDD /* NSDate+YJStarterKit.m */ = {isa = PBXFileReference; fileEncoding = 4; lastKnownFileType = sourcecode.c.objc; path = "NSDate+YJStarterKit.m"; sourceTree = "<group>"; };
		BF8C50A01D990BE000052FDD /* YJTableViewController.h */ = {isa = PBXFileReference; fileEncoding = 4; lastKnownFileType = sourcecode.c.h; path = YJTableViewController.h; sourceTree = "<group>"; };
		BF8C50A11D990BE000052FDD /* YJTableViewController.m */ = {isa = PBXFileReference; fileEncoding = 4; lastKnownFileType = sourcecode.c.objc; path = YJTableViewController.m; sourceTree = "<group>"; };
		BF8C50B41D9A4D6C00052FDD /* YJTestCaseListViewController.h */ = {isa = PBXFileReference; fileEncoding = 4; lastKnownFileType = sourcecode.c.h; path = YJTestCaseListViewController.h; sourceTree = "<group>"; };
		BF8C50B51D9A4D6C00052FDD /* YJTestCaseListViewController.m */ = {isa = PBXFileReference; fileEncoding = 4; lastKnownFileType = sourcecode.c.objc; path = YJTestCaseListViewController.m; sourceTree = "<group>"; };
		BF8C50B61D9A4D6C00052FDD /* YJTestCaseViewController.h */ = {isa = PBXFileReference; fileEncoding = 4; lastKnownFileType = sourcecode.c.h; path = YJTestCaseViewController.h; sourceTree = "<group>"; };
		BF8C50B71D9A4D6C00052FDD /* YJTestCaseViewController.m */ = {isa = PBXFileReference; fileEncoding = 4; lastKnownFileType = sourcecode.c.objc; path = YJTestCaseViewController.m; sourceTree = "<group>"; };
		BF8C50BA1D9A513D00052FDD /* YJTestCaseMainListViewController.h */ = {isa = PBXFileReference; fileEncoding = 4; lastKnownFileType = sourcecode.c.h; path = YJTestCaseMainListViewController.h; sourceTree = "<group>"; };
		BF8C50BB1D9A513D00052FDD /* YJTestCaseMainListViewController.m */ = {isa = PBXFileReference; fileEncoding = 4; lastKnownFileType = sourcecode.c.objc; path = YJTestCaseMainListViewController.m; sourceTree = "<group>"; };
		BF8C50BD1D9A552900052FDD /* no-data-page-icon@2x.png */ = {isa = PBXFileReference; lastKnownFileType = image.png; path = "no-data-page-icon@2x.png"; sourceTree = "<group>"; };
		BF8C50BF1D9A7BC900052FDD /* YJCircleView.h */ = {isa = PBXFileReference; fileEncoding = 4; lastKnownFileType = sourcecode.c.h; path = YJCircleView.h; sourceTree = "<group>"; };
		BF8C50C01D9A7BC900052FDD /* YJCircleView.m */ = {isa = PBXFileReference; fileEncoding = 4; lastKnownFileType = sourcecode.c.objc; path = YJCircleView.m; sourceTree = "<group>"; };
		BF8C50C21D9A892100052FDD /* YJTestProgressViewController.h */ = {isa = PBXFileReference; fileEncoding = 4; lastKnownFileType = sourcecode.c.h; path = YJTestProgressViewController.h; sourceTree = "<group>"; };
		BF8C50C31D9A892100052FDD /* YJTestProgressViewController.m */ = {isa = PBXFileReference; fileEncoding = 4; lastKnownFileType = sourcecode.c.objc; path = YJTestProgressViewController.m; sourceTree = "<group>"; };
		BF9C985F1D994A3200B7212F /* YJSingletion.h */ = {isa = PBXFileReference; fileEncoding = 4; lastKnownFileType = sourcecode.c.h; path = YJSingletion.h; sourceTree = "<group>"; };
		BFB03E901D9B27D000F18233 /* YJTestSplahViewController.h */ = {isa = PBXFileReference; fileEncoding = 4; lastKnownFileType = sourcecode.c.h; path = YJTestSplahViewController.h; sourceTree = "<group>"; };
		BFB03E911D9B27D000F18233 /* YJTestSplahViewController.m */ = {isa = PBXFileReference; fileEncoding = 4; lastKnownFileType = sourcecode.c.objc; path = YJTestSplahViewController.m; sourceTree = "<group>"; };
		BFF3E22F1D9B80F300788F51 /* YJButton.h */ = {isa = PBXFileReference; fileEncoding = 4; lastKnownFileType = sourcecode.c.h; path = YJButton.h; sourceTree = "<group>"; };
		BFF3E2301D9B80F300788F51 /* YJButton.m */ = {isa = PBXFileReference; fileEncoding = 4; lastKnownFileType = sourcecode.c.objc; path = YJButton.m; sourceTree = "<group>"; };
		BFF3E2321D9B825E00788F51 /* YJTestButtonViewController.h */ = {isa = PBXFileReference; fileEncoding = 4; lastKnownFileType = sourcecode.c.h; path = YJTestButtonViewController.h; sourceTree = "<group>"; };
		BFF3E2331D9B825E00788F51 /* YJTestButtonViewController.m */ = {isa = PBXFileReference; fileEncoding = 4; lastKnownFileType = sourcecode.c.objc; path = YJTestButtonViewController.m; sourceTree = "<group>"; };
		BFF3E2351D9B853400788F51 /* YJWebViewController.h */ = {isa = PBXFileReference; fileEncoding = 4; lastKnownFileType = sourcecode.c.h; path = YJWebViewController.h; sourceTree = "<group>"; };
		BFF3E2361D9B853400788F51 /* YJWebViewController.m */ = {isa = PBXFileReference; fileEncoding = 4; lastKnownFileType = sourcecode.c.objc; path = YJWebViewController.m; sourceTree = "<group>"; };
		BFF3E23B1D9B8F6C00788F51 /* YJXibView.h */ = {isa = PBXFileReference; fileEncoding = 4; lastKnownFileType = sourcecode.c.h; path = YJXibView.h; sourceTree = "<group>"; };
		BFF3E23C1D9B8F6C00788F51 /* YJXibView.m */ = {isa = PBXFileReference; fileEncoding = 4; lastKnownFileType = sourcecode.c.objc; path = YJXibView.m; sourceTree = "<group>"; };
		BFF3E23E1D9B936600788F51 /* YJUserView.h */ = {isa = PBXFileReference; fileEncoding = 4; lastKnownFileType = sourcecode.c.h; path = YJUserView.h; sourceTree = "<group>"; };
		BFF3E23F1D9B936600788F51 /* YJUserView.m */ = {isa = PBXFileReference; fileEncoding = 4; lastKnownFileType = sourcecode.c.objc; path = YJUserView.m; sourceTree = "<group>"; };
		BFF3E2411D9B997500788F51 /* YJTestUserViewViewController.h */ = {isa = PBXFileReference; fileEncoding = 4; lastKnownFileType = sourcecode.c.h; path = YJTestUserViewViewController.h; sourceTree = "<group>"; };
		BFF3E2421D9B997500788F51 /* YJTestUserViewViewController.m */ = {isa = PBXFileReference; fileEncoding = 4; lastKnownFileType = sourcecode.c.objc; path = YJTestUserViewViewController.m; sourceTree = "<group>"; };
		BFF3E2441D9B9D4500788F51 /* user-view-default.png */ = {isa = PBXFileReference; lastKnownFileType = image.png; path = "user-view-default.png"; sourceTree = "<group>"; };
		BFF3E2471D9BA73E00788F51 /* YJViewMoveAnimation.h */ = {isa = PBXFileReference; fileEncoding = 4; lastKnownFileType = sourcecode.c.h; path = YJViewMoveAnimation.h; sourceTree = "<group>"; };
		BFF3E2481D9BA73E00788F51 /* YJViewMoveAnimation.m */ = {isa = PBXFileReference; fileEncoding = 4; lastKnownFileType = sourcecode.c.objc; path = YJViewMoveAnimation.m; sourceTree = "<group>"; };
		BFF3E24A1D9BA96200788F51 /* YJTestViewMoveViewController.h */ = {isa = PBXFileReference; fileEncoding = 4; lastKnownFileType = sourcecode.c.h; path = YJTestViewMoveViewController.h; sourceTree = "<group>"; };
		BFF3E24B1D9BA96200788F51 /* YJTestViewMoveViewController.m */ = {isa = PBXFileReference; fileEncoding = 4; lastKnownFileType = sourcecode.c.objc; path = YJTestViewMoveViewController.m; sourceTree = "<group>"; };
		BFF3E24D1D9BDBBE00788F51 /* TestYJEffectViewController.h */ = {isa = PBXFileReference; fileEncoding = 4; lastKnownFileType = sourcecode.c.h; path = TestYJEffectViewController.h; sourceTree = "<group>"; };
		BFF3E24E1D9BDBBE00788F51 /* TestYJEffectViewController.m */ = {isa = PBXFileReference; fileEncoding = 4; lastKnownFileType = sourcecode.c.objc; path = TestYJEffectViewController.m; sourceTree = "<group>"; };
		BFFA7B0F1D9AD4B6002A77C7 /* UITextView+YJStarterKit.h */ = {isa = PBXFileReference; fileEncoding = 4; lastKnownFileType = sourcecode.c.h; path = "UITextView+YJStarterKit.h"; sourceTree = "<group>"; };
		BFFA7B101D9AD4B6002A77C7 /* UITextView+YJStarterKit.m */ = {isa = PBXFileReference; fileEncoding = 4; lastKnownFileType = sourcecode.c.objc; path = "UITextView+YJStarterKit.m"; sourceTree = "<group>"; };
/* End PBXFileReference section */

/* Begin PBXFrameworksBuildPhase section */
		BF2C22E51D97B12F0050CACC /* Frameworks */ = {
			isa = PBXFrameworksBuildPhase;
			buildActionMask = 2147483647;
			files = (
				1FA88D18AE89778CF08BDF0C /* libPods-Example.a in Frameworks */,
			);
			runOnlyForDeploymentPostprocessing = 0;
		};
/* End PBXFrameworksBuildPhase section */

/* Begin PBXGroup section */
		B4507947F2210E5EE2FE50EB /* Frameworks */ = {
			isa = PBXGroup;
			children = (
				33FDFAF24466F89E6495740C /* libPods-Example.a */,
			);
			name = Frameworks;
			sourceTree = "<group>";
		};
		BF2C22DF1D97B12F0050CACC = {
			isa = PBXGroup;
			children = (
				BF2C22EA1D97B12F0050CACC /* Example */,
				BF2C22E91D97B12F0050CACC /* Products */,
				E16964CB7ECBFD0DD12DD8CF /* Pods */,
				B4507947F2210E5EE2FE50EB /* Frameworks */,
			);
			sourceTree = "<group>";
		};
		BF2C22E91D97B12F0050CACC /* Products */ = {
			isa = PBXGroup;
			children = (
				BF2C22E81D97B12F0050CACC /* Example.app */,
			);
			name = Products;
			sourceTree = "<group>";
		};
		BF2C22EA1D97B12F0050CACC /* Example */ = {
			isa = PBXGroup;
			children = (
				BF62F0E71D97B343004D3C73 /* StarterKit */,
				BF2C22EE1D97B12F0050CACC /* AppDelegate.h */,
				BF2C22EF1D97B12F0050CACC /* AppDelegate.m */,
				BF2C22F71D97B12F0050CACC /* Assets.xcassets */,
				BF2C22F91D97B12F0050CACC /* LaunchScreen.storyboard */,
				BF2C22FC1D97B12F0050CACC /* Info.plist */,
				BF2C22EB1D97B12F0050CACC /* Supporting Files */,
			);
			path = Example;
			sourceTree = "<group>";
		};
		BF2C22EB1D97B12F0050CACC /* Supporting Files */ = {
			isa = PBXGroup;
			children = (
				BF2C22EC1D97B12F0050CACC /* main.m */,
			);
			name = "Supporting Files";
			sourceTree = "<group>";
		};
		BF62F0E71D97B343004D3C73 /* StarterKit */ = {
			isa = PBXGroup;
			children = (
				BF8C50B01D9A4C0100052FDD /* Assets */,
				BF62F0E91D97B343004D3C73 /* Classes */,
			);
			name = StarterKit;
			path = ../../StarterKit;
			sourceTree = "<group>";
		};
		BF62F0E91D97B343004D3C73 /* Classes */ = {
			isa = PBXGroup;
			children = (
				BF8C50B31D9A4D6C00052FDD /* Test */,
				BFF3E2461D9BA07600788F51 /* Animation */,
				BF62F0EA1D97B343004D3C73 /* Network */,
				BF8C50931D98C41E00052FDD /* Category */,
				BF62F0EB1D97B343004D3C73 /* Util */,
				BF62F0F31D97B343004D3C73 /* Widget */,
			);
			path = Classes;
			sourceTree = "<group>";
		};
		BF62F0EA1D97B343004D3C73 /* Network */ = {
			isa = PBXGroup;
			children = (
			);
			path = Network;
			sourceTree = "<group>";
		};
		BF62F0EB1D97B343004D3C73 /* Util */ = {
			isa = PBXGroup;
			children = (
				BF62F1021D97B3CE004D3C73 /* YJAppDelegate.h */,
				BF62F0FE1D97B3CE004D3C73 /* YJAppDelegate.m */,
				BF62F1001D97B3CE004D3C73 /* YJTools.h */,
				BF62F0FD1D97B3CE004D3C73 /* YJTools.m */,
				BF62F1011D97B3CE004D3C73 /* YJLogger.h */,
				BF62F0FF1D97B3CE004D3C73 /* YJLogger.m */,
				BF9C985F1D994A3200B7212F /* YJSingletion.h */,
			);
			path = Util;
			sourceTree = "<group>";
		};
		BF62F0F31D97B343004D3C73 /* Widget */ = {
			isa = PBXGroup;
			children = (
				BFF3E23E1D9B936600788F51 /* YJUserView.h */,
				BFF3E23F1D9B936600788F51 /* YJUserView.m */,
				BF8C50BF1D9A7BC900052FDD /* YJCircleView.h */,
				BF8C50C01D9A7BC900052FDD /* YJCircleView.m */,
				BFF3E23B1D9B8F6C00788F51 /* YJXibView.h */,
				BFF3E23C1D9B8F6C00788F51 /* YJXibView.m */,
				BFF3E22F1D9B80F300788F51 /* YJButton.h */,
				BFF3E2301D9B80F300788F51 /* YJButton.m */,
				BF62F0F41D97B343004D3C73 /* YJSplashView.h */,
				BF62F0F51D97B343004D3C73 /* YJSplashView.m */,
				BFF3E2351D9B853400788F51 /* YJWebViewController.h */,
				BFF3E2361D9B853400788F51 /* YJWebViewController.m */,
				BF8C50A01D990BE000052FDD /* YJTableViewController.h */,
				BF8C50A11D990BE000052FDD /* YJTableViewController.m */,
			);
			path = Widget;
			sourceTree = "<group>";
		};
		BF8C50931D98C41E00052FDD /* Category */ = {
			isa = PBXGroup;
			children = (
				BF8C50941D98C43700052FDD /* UIColor+YJStarterKit.h */,
				BF8C50951D98C43700052FDD /* UIColor+YJStarterKit.m */,
				BF8C50971D98C9FB00052FDD /* UIView+YJStarterKit.h */,
				BF8C50981D98C9FB00052FDD /* UIView+YJStarterKit.m */,
				BF8C509A1D98CE4300052FDD /* NSArray+YJStarterKit.h */,
				BF8C509B1D98CE4300052FDD /* NSArray+YJStarterKit.m */,
				BF8C509D1D98D04C00052FDD /* NSDate+YJStarterKit.h */,
				BF8C509E1D98D04C00052FDD /* NSDate+YJStarterKit.m */,
				BFFA7B0F1D9AD4B6002A77C7 /* UITextView+YJStarterKit.h */,
				BFFA7B101D9AD4B6002A77C7 /* UITextView+YJStarterKit.m */,
			);
			path = Category;
			sourceTree = "<group>";
		};
		BF8C50B01D9A4C0100052FDD /* Assets */ = {
			isa = PBXGroup;
			children = (
				BFF3E2441D9B9D4500788F51 /* user-view-default.png */,
				BF8C50BD1D9A552900052FDD /* no-data-page-icon@2x.png */,
			);
			path = Assets;
			sourceTree = "<group>";
		};
		BF8C50B31D9A4D6C00052FDD /* Test */ = {
			isa = PBXGroup;
			children = (
				BF8C50B41D9A4D6C00052FDD /* YJTestCaseListViewController.h */,
				BF8C50B51D9A4D6C00052FDD /* YJTestCaseListViewController.m */,
				BF8C50B61D9A4D6C00052FDD /* YJTestCaseViewController.h */,
				BF8C50B71D9A4D6C00052FDD /* YJTestCaseViewController.m */,
				BF8C50BA1D9A513D00052FDD /* YJTestCaseMainListViewController.h */,
				BF8C50BB1D9A513D00052FDD /* YJTestCaseMainListViewController.m */,
				BF8C50C21D9A892100052FDD /* YJTestProgressViewController.h */,
				BF8C50C31D9A892100052FDD /* YJTestProgressViewController.m */,
				BFB03E901D9B27D000F18233 /* YJTestSplahViewController.h */,
				BFB03E911D9B27D000F18233 /* YJTestSplahViewController.m */,
				BFF3E2321D9B825E00788F51 /* YJTestButtonViewController.h */,
				BFF3E2331D9B825E00788F51 /* YJTestButtonViewController.m */,
				BFF3E2411D9B997500788F51 /* YJTestUserViewViewController.h */,
				BFF3E2421D9B997500788F51 /* YJTestUserViewViewController.m */,
				BFF3E24A1D9BA96200788F51 /* YJTestViewMoveViewController.h */,
				BFF3E24B1D9BA96200788F51 /* YJTestViewMoveViewController.m */,
				BFF3E24D1D9BDBBE00788F51 /* TestYJEffectViewController.h */,
				BFF3E24E1D9BDBBE00788F51 /* TestYJEffectViewController.m */,
			);
			path = Test;
			sourceTree = "<group>";
		};
		BFF3E2461D9BA07600788F51 /* Animation */ = {
			isa = PBXGroup;
			children = (
				BFF3E2471D9BA73E00788F51 /* YJViewMoveAnimation.h */,
				BFF3E2481D9BA73E00788F51 /* YJViewMoveAnimation.m */,
			);
			path = Animation;
			sourceTree = "<group>";
		};
		E16964CB7ECBFD0DD12DD8CF /* Pods */ = {
			isa = PBXGroup;
			children = (
				6E6B4F0B81B1AE5BD46CDBD9 /* Pods-Example.debug.xcconfig */,
				A0B28026FC59E7236005AAAC /* Pods-Example.release.xcconfig */,
			);
			name = Pods;
			sourceTree = "<group>";
		};
/* End PBXGroup section */

/* Begin PBXNativeTarget section */
		BF2C22E71D97B12F0050CACC /* Example */ = {
			isa = PBXNativeTarget;
			buildConfigurationList = BF2C22FF1D97B12F0050CACC /* Build configuration list for PBXNativeTarget "Example" */;
			buildPhases = (
				41ADACC2943F32969E2CA26D /* [CP] Check Pods Manifest.lock */,
				BF2C22E41D97B12F0050CACC /* Sources */,
				BF2C22E51D97B12F0050CACC /* Frameworks */,
				BF2C22E61D97B12F0050CACC /* Resources */,
				A07D22919ABB004946021F17 /* [CP] Embed Pods Frameworks */,
				ED3C2986598FDD4A482F148D /* [CP] Copy Pods Resources */,
			);
			buildRules = (
			);
			dependencies = (
			);
			name = Example;
			productName = Example;
			productReference = BF2C22E81D97B12F0050CACC /* Example.app */;
			productType = "com.apple.product-type.application";
		};
/* End PBXNativeTarget section */

/* Begin PBXProject section */
		BF2C22E01D97B12F0050CACC /* Project object */ = {
			isa = PBXProject;
			attributes = {
				LastUpgradeCheck = 0800;
				ORGANIZATIONNAME = "胡剑";
				TargetAttributes = {
					BF2C22E71D97B12F0050CACC = {
						CreatedOnToolsVersion = 7.3.1;
					};
				};
			};
			buildConfigurationList = BF2C22E31D97B12F0050CACC /* Build configuration list for PBXProject "Example" */;
			compatibilityVersion = "Xcode 3.2";
			developmentRegion = English;
			hasScannedForEncodings = 0;
			knownRegions = (
				en,
				Base,
			);
			mainGroup = BF2C22DF1D97B12F0050CACC;
			productRefGroup = BF2C22E91D97B12F0050CACC /* Products */;
			projectDirPath = "";
			projectRoot = "";
			targets = (
				BF2C22E71D97B12F0050CACC /* Example */,
			);
		};
/* End PBXProject section */

/* Begin PBXResourcesBuildPhase section */
		BF2C22E61D97B12F0050CACC /* Resources */ = {
			isa = PBXResourcesBuildPhase;
			buildActionMask = 2147483647;
			files = (
				BF2C22FB1D97B12F0050CACC /* LaunchScreen.storyboard in Resources */,
				BFF3E2451D9B9D4500788F51 /* user-view-default.png in Resources */,
				BF8C50BE1D9A552900052FDD /* no-data-page-icon@2x.png in Resources */,
				BF2C22F81D97B12F0050CACC /* Assets.xcassets in Resources */,
			);
			runOnlyForDeploymentPostprocessing = 0;
		};
/* End PBXResourcesBuildPhase section */

/* Begin PBXShellScriptBuildPhase section */
		41ADACC2943F32969E2CA26D /* [CP] Check Pods Manifest.lock */ = {
			isa = PBXShellScriptBuildPhase;
			buildActionMask = 2147483647;
			files = (
			);
			inputPaths = (
			);
			name = "[CP] Check Pods Manifest.lock";
			outputPaths = (
			);
			runOnlyForDeploymentPostprocessing = 0;
			shellPath = /bin/sh;
			shellScript = "diff \"${PODS_ROOT}/../Podfile.lock\" \"${PODS_ROOT}/Manifest.lock\" > /dev/null\nif [[ $? != 0 ]] ; then\n    cat << EOM\nerror: The sandbox is not in sync with the Podfile.lock. Run 'pod install' or update your CocoaPods installation.\nEOM\n    exit 1\nfi\n";
			showEnvVarsInLog = 0;
		};
		A07D22919ABB004946021F17 /* [CP] Embed Pods Frameworks */ = {
			isa = PBXShellScriptBuildPhase;
			buildActionMask = 2147483647;
			files = (
			);
			inputPaths = (
			);
			name = "[CP] Embed Pods Frameworks";
			outputPaths = (
			);
			runOnlyForDeploymentPostprocessing = 0;
			shellPath = /bin/sh;
			shellScript = "\"${SRCROOT}/../Pods/Target Support Files/Pods-Example/Pods-Example-frameworks.sh\"\n";
			showEnvVarsInLog = 0;
		};
		ED3C2986598FDD4A482F148D /* [CP] Copy Pods Resources */ = {
			isa = PBXShellScriptBuildPhase;
			buildActionMask = 2147483647;
			files = (
			);
			inputPaths = (
			);
			name = "[CP] Copy Pods Resources";
			outputPaths = (
			);
			runOnlyForDeploymentPostprocessing = 0;
			shellPath = /bin/sh;
			shellScript = "\"${SRCROOT}/../Pods/Target Support Files/Pods-Example/Pods-Example-resources.sh\"\n";
			showEnvVarsInLog = 0;
		};
/* End PBXShellScriptBuildPhase section */

/* Begin PBXSourcesBuildPhase section */
		BF2C22E41D97B12F0050CACC /* Sources */ = {
			isa = PBXSourcesBuildPhase;
			buildActionMask = 2147483647;
			files = (
				BFB03E921D9B27D000F18233 /* YJTestSplahViewController.m in Sources */,
				BF8C50BC1D9A513D00052FDD /* YJTestCaseMainListViewController.m in Sources */,
				BF8C50B91D9A4D6C00052FDD /* YJTestCaseViewController.m in Sources */,
				BFF3E24C1D9BA96200788F51 /* YJTestViewMoveViewController.m in Sources */,
				BF2C22F01D97B12F0050CACC /* AppDelegate.m in Sources */,
				BF8C50961D98C43700052FDD /* UIColor+YJStarterKit.m in Sources */,
				BF62F1051D97B3CE004D3C73 /* YJLogger.m in Sources */,
				BF62F1041D97B3CE004D3C73 /* YJAppDelegate.m in Sources */,
				BF8C50A21D990BE000052FDD /* YJTableViewController.m in Sources */,
				BF8C509C1D98CE4300052FDD /* NSArray+YJStarterKit.m in Sources */,
				BF62F0FB1D97B343004D3C73 /* YJSplashView.m in Sources */,
				BF8C50C11D9A7BC900052FDD /* YJCircleView.m in Sources */,
				BF8C50991D98C9FB00052FDD /* UIView+YJStarterKit.m in Sources */,
				BF8C50C41D9A892100052FDD /* YJTestProgressViewController.m in Sources */,
				BFF3E2491D9BA73E00788F51 /* YJViewMoveAnimation.m in Sources */,
				BFF3E23D1D9B8F6C00788F51 /* YJXibView.m in Sources */,
				BFF3E2371D9B853400788F51 /* YJWebViewController.m in Sources */,
				BFF3E2401D9B936600788F51 /* YJUserView.m in Sources */,
				BFFA7B111D9AD4B6002A77C7 /* UITextView+YJStarterKit.m in Sources */,
				BFF3E24F1D9BDBBE00788F51 /* TestYJEffectViewController.m in Sources */,
				BF8C509F1D98D04C00052FDD /* NSDate+YJStarterKit.m in Sources */,
				BF2C22ED1D97B12F0050CACC /* main.m in Sources */,
				BF62F1031D97B3CE004D3C73 /* YJTools.m in Sources */,
				BFF3E2341D9B825E00788F51 /* YJTestButtonViewController.m in Sources */,
				BFF3E2431D9B997500788F51 /* YJTestUserViewViewController.m in Sources */,
				BF8C50B81D9A4D6C00052FDD /* YJTestCaseListViewController.m in Sources */,
				BFF3E2311D9B80F300788F51 /* YJButton.m in Sources */,
			);
			runOnlyForDeploymentPostprocessing = 0;
		};
/* End PBXSourcesBuildPhase section */

/* Begin PBXVariantGroup section */
		BF2C22F91D97B12F0050CACC /* LaunchScreen.storyboard */ = {
			isa = PBXVariantGroup;
			children = (
				BF2C22FA1D97B12F0050CACC /* Base */,
			);
			name = LaunchScreen.storyboard;
			sourceTree = "<group>";
		};
/* End PBXVariantGroup section */

/* Begin XCBuildConfiguration section */
		BF2C22FD1D97B12F0050CACC /* Debug */ = {
			isa = XCBuildConfiguration;
			buildSettings = {
				ALWAYS_SEARCH_USER_PATHS = NO;
				CLANG_ANALYZER_NONNULL = YES;
				CLANG_CXX_LANGUAGE_STANDARD = "gnu++0x";
				CLANG_CXX_LIBRARY = "libc++";
				CLANG_ENABLE_MODULES = YES;
				CLANG_ENABLE_OBJC_ARC = YES;
				CLANG_WARN_BOOL_CONVERSION = YES;
				CLANG_WARN_CONSTANT_CONVERSION = YES;
				CLANG_WARN_DIRECT_OBJC_ISA_USAGE = YES_ERROR;
				CLANG_WARN_EMPTY_BODY = YES;
				CLANG_WARN_ENUM_CONVERSION = YES;
				CLANG_WARN_INFINITE_RECURSION = YES;
				CLANG_WARN_INT_CONVERSION = YES;
				CLANG_WARN_OBJC_ROOT_CLASS = YES_ERROR;
				CLANG_WARN_SUSPICIOUS_MOVE = YES;
				CLANG_WARN_UNREACHABLE_CODE = YES;
				CLANG_WARN__DUPLICATE_METHOD_MATCH = YES;
				"CODE_SIGN_IDENTITY[sdk=iphoneos*]" = "iPhone Developer";
				COPY_PHASE_STRIP = NO;
				DEBUG_INFORMATION_FORMAT = dwarf;
				ENABLE_STRICT_OBJC_MSGSEND = YES;
				ENABLE_TESTABILITY = YES;
				GCC_C_LANGUAGE_STANDARD = gnu99;
				GCC_DYNAMIC_NO_PIC = NO;
				GCC_NO_COMMON_BLOCKS = YES;
				GCC_OPTIMIZATION_LEVEL = 0;
				GCC_PREPROCESSOR_DEFINITIONS = (
					"DEBUG=1",
					"$(inherited)",
				);
				GCC_WARN_64_TO_32_BIT_CONVERSION = YES;
				GCC_WARN_ABOUT_RETURN_TYPE = YES_ERROR;
				GCC_WARN_UNDECLARED_SELECTOR = YES;
				GCC_WARN_UNINITIALIZED_AUTOS = YES_AGGRESSIVE;
				GCC_WARN_UNUSED_FUNCTION = YES;
				GCC_WARN_UNUSED_VARIABLE = YES;
				IPHONEOS_DEPLOYMENT_TARGET = 9.3;
				MTL_ENABLE_DEBUG_INFO = YES;
				ONLY_ACTIVE_ARCH = YES;
				SDKROOT = iphoneos;
			};
			name = Debug;
		};
		BF2C22FE1D97B12F0050CACC /* Release */ = {
			isa = XCBuildConfiguration;
			buildSettings = {
				ALWAYS_SEARCH_USER_PATHS = NO;
				CLANG_ANALYZER_NONNULL = YES;
				CLANG_CXX_LANGUAGE_STANDARD = "gnu++0x";
				CLANG_CXX_LIBRARY = "libc++";
				CLANG_ENABLE_MODULES = YES;
				CLANG_ENABLE_OBJC_ARC = YES;
				CLANG_WARN_BOOL_CONVERSION = YES;
				CLANG_WARN_CONSTANT_CONVERSION = YES;
				CLANG_WARN_DIRECT_OBJC_ISA_USAGE = YES_ERROR;
				CLANG_WARN_EMPTY_BODY = YES;
				CLANG_WARN_ENUM_CONVERSION = YES;
				CLANG_WARN_INFINITE_RECURSION = YES;
				CLANG_WARN_INT_CONVERSION = YES;
				CLANG_WARN_OBJC_ROOT_CLASS = YES_ERROR;
				CLANG_WARN_SUSPICIOUS_MOVE = YES;
				CLANG_WARN_UNREACHABLE_CODE = YES;
				CLANG_WARN__DUPLICATE_METHOD_MATCH = YES;
				"CODE_SIGN_IDENTITY[sdk=iphoneos*]" = "iPhone Developer";
				COPY_PHASE_STRIP = NO;
				DEBUG_INFORMATION_FORMAT = "dwarf-with-dsym";
				ENABLE_NS_ASSERTIONS = NO;
				ENABLE_STRICT_OBJC_MSGSEND = YES;
				GCC_C_LANGUAGE_STANDARD = gnu99;
				GCC_NO_COMMON_BLOCKS = YES;
				GCC_WARN_64_TO_32_BIT_CONVERSION = YES;
				GCC_WARN_ABOUT_RETURN_TYPE = YES_ERROR;
				GCC_WARN_UNDECLARED_SELECTOR = YES;
				GCC_WARN_UNINITIALIZED_AUTOS = YES_AGGRESSIVE;
				GCC_WARN_UNUSED_FUNCTION = YES;
				GCC_WARN_UNUSED_VARIABLE = YES;
				IPHONEOS_DEPLOYMENT_TARGET = 9.3;
				MTL_ENABLE_DEBUG_INFO = NO;
				SDKROOT = iphoneos;
				VALIDATE_PRODUCT = YES;
			};
			name = Release;
		};
		BF2C23001D97B12F0050CACC /* Debug */ = {
			isa = XCBuildConfiguration;
			baseConfigurationReference = 6E6B4F0B81B1AE5BD46CDBD9 /* Pods-Example.debug.xcconfig */;
			buildSettings = {
				ALWAYS_EMBED_SWIFT_STANDARD_LIBRARIES = YES;
				ALWAYS_SEARCH_USER_PATHS = NO;
				ASSETCATALOG_COMPILER_APPICON_NAME = AppIcon;
				CLANG_WARN_OBJC_IMPLICIT_RETAIN_SELF = YES;
				INFOPLIST_FILE = Example/Info.plist;
				LD_RUNPATH_SEARCH_PATHS = "$(inherited) @executable_path/Frameworks";
				PRODUCT_BUNDLE_IDENTIFIER = test.Example;
				PRODUCT_NAME = "$(TARGET_NAME)";
				USER_HEADER_SEARCH_PATHS = "";
			};
			name = Debug;
		};
		BF2C23011D97B12F0050CACC /* Release */ = {
			isa = XCBuildConfiguration;
			baseConfigurationReference = A0B28026FC59E7236005AAAC /* Pods-Example.release.xcconfig */;
			buildSettings = {
				ALWAYS_EMBED_SWIFT_STANDARD_LIBRARIES = YES;
				ALWAYS_SEARCH_USER_PATHS = NO;
				ASSETCATALOG_COMPILER_APPICON_NAME = AppIcon;
				CLANG_WARN_OBJC_IMPLICIT_RETAIN_SELF = YES;
				INFOPLIST_FILE = Example/Info.plist;
				LD_RUNPATH_SEARCH_PATHS = "$(inherited) @executable_path/Frameworks";
				PRODUCT_BUNDLE_IDENTIFIER = test.Example;
				PRODUCT_NAME = "$(TARGET_NAME)";
				USER_HEADER_SEARCH_PATHS = "";
			};
			name = Release;
		};
/* End XCBuildConfiguration section */

/* Begin XCConfigurationList section */
		BF2C22E31D97B12F0050CACC /* Build configuration list for PBXProject "Example" */ = {
			isa = XCConfigurationList;
			buildConfigurations = (
				BF2C22FD1D97B12F0050CACC /* Debug */,
				BF2C22FE1D97B12F0050CACC /* Release */,
			);
			defaultConfigurationIsVisible = 0;
			defaultConfigurationName = Release;
		};
		BF2C22FF1D97B12F0050CACC /* Build configuration list for PBXNativeTarget "Example" */ = {
			isa = XCConfigurationList;
			buildConfigurations = (
				BF2C23001D97B12F0050CACC /* Debug */,
				BF2C23011D97B12F0050CACC /* Release */,
			);
			defaultConfigurationIsVisible = 0;
			defaultConfigurationName = Release;
		};
/* End XCConfigurationList section */
	};
	rootObject = BF2C22E01D97B12F0050CACC /* Project object */;
}
